
Microsoft Visual Studio Solution File, Format Version 12.00
# Visual Studio 14
VisualStudioVersion = 14.0.22609.0
MinimumVisualStudioVersion = 10.0.40219.1
Project("{FAE04EC0-301F-11D3-BF4B-00C04F79EFBC}") = "RoslinAnalyzer", "RoslinAnalyzer\RoslinAnalyzer\RoslinAnalyzer.csproj", "{0DEECAAD-FB2C-406B-BB00-32B8A7405BB0}"
EndProject
Project("{2150E333-8FDC-42A3-9474-1A3956D46DE8}") = ".nuget", ".nuget", "{FD628594-C99C-4C52-A16C-110D53F79387}"
	ProjectSection(SolutionItems) = preProject
		.nuget\packages.config = .nuget\packages.config
	EndProjectSection
EndProject
Project("{FAE04EC0-301F-11D3-BF4B-00C04F79EFBC}") = "RoslinAnalyzer.Test", "RoslinAnalyzer\RoslinAnalyzer.Test\RoslinAnalyzer.Test.csproj", "{E1D2F98B-2547-46A9-BEF9-128ABD9009B5}"
EndProject
Project("{FAE04EC0-301F-11D3-BF4B-00C04F79EFBC}") = "RoslinAnalyzer.Vsix", "RoslinAnalyzer\RoslinAnalyzer.Vsix\RoslinAnalyzer.Vsix.csproj", "{3B1FFEF6-D471-4BAB-B32C-42C7369C1A06}"
EndProject
Global
	GlobalSection(SolutionConfigurationPlatforms) = preSolution
		Debug|Any CPU = Debug|Any CPU
		Release|Any CPU = Release|Any CPU
	EndGlobalSection
	GlobalSection(ProjectConfigurationPlatforms) = postSolution
		{0DEECAAD-FB2C-406B-BB00-32B8A7405BB0}.Debug|Any CPU.ActiveCfg = Debug|Any CPU
		{0DEECAAD-FB2C-406B-BB00-32B8A7405BB0}.Debug|Any CPU.Build.0 = Debug|Any CPU
		{0DEECAAD-FB2C-406B-BB00-32B8A7405BB0}.Release|Any CPU.ActiveCfg = Release|Any CPU
		{0DEECAAD-FB2C-406B-BB00-32B8A7405BB0}.Release|Any CPU.Build.0 = Release|Any CPU
		{E1D2F98B-2547-46A9-BEF9-128ABD9009B5}.Debug|Any CPU.ActiveCfg = Debug|Any CPU
		{E1D2F98B-2547-46A9-BEF9-128ABD9009B5}.Debug|Any CPU.Build.0 = Debug|Any CPU
		{E1D2F98B-2547-46A9-BEF9-128ABD9009B5}.Release|Any CPU.ActiveCfg = Release|Any CPU
		{E1D2F98B-2547-46A9-BEF9-128ABD9009B5}.Release|Any CPU.Build.0 = Release|Any CPU
		{3B1FFEF6-D471-4BAB-B32C-42C7369C1A06}.Debug|Any CPU.ActiveCfg = Debug|Any CPU
		{3B1FFEF6-D471-4BAB-B32C-42C7369C1A06}.Debug|Any CPU.Build.0 = Debug|Any CPU
		{3B1FFEF6-D471-4BAB-B32C-42C7369C1A06}.Release|Any CPU.ActiveCfg = Release|Any CPU
		{3B1FFEF6-D471-4BAB-B32C-42C7369C1A06}.Release|Any CPU.Build.0 = Release|Any CPU
	EndGlobalSection
	GlobalSection(SolutionProperties) = preSolution
		HideSolutionNode = FALSE
	EndGlobalSection
EndGlobal
